
Microsoft Visual Studio Solution File, Format Version 10.00
# Visual Studio 2008
Project("{8BC9CEB8-8B4A-11D0-8D11-00A0C91BC942}") = "Pavlidis", "Pavlidis.vcproj", "{E6D82431-82D9-4F0B-A940-5E860B5394A1}"
EndProject
Global
	GlobalSection(SolutionConfigurationPlatforms) = preSolution
		Debug|Win32 = Debug|Win32
		Release|Win32 = Release|Win32
	EndGlobalSection
	GlobalSection(ProjectConfigurationPlatforms) = postSolution
		{E6D82431-82D9-4F0B-A940-5E860B5394A1}.Debug|Win32.ActiveCfg = Debug|Win32
		{E6D82431-82D9-4F0B-A940-5E860B5394A1}.Debug|Win32.Build.0 = Debug|Win32
		{E6D82431-82D9-4F0B-A940-5E860B5394A1}.Release|Win32.ActiveCfg = Release|Win32
		{E6D82431-82D9-4F0B-A940-5E860B5394A1}.Release|Win32.Build.0 = Release|Win32
	EndGlobalSection
	GlobalSection(SolutionProperties) = preSolution
		HideSolutionNode = FALSE
	EndGlobalSection
EndGlobal
