
Microsoft Visual Studio Solution File, Format Version 10.00
# Visual Studio 2008
Project("{8BC9CEB8-8B4A-11D0-8D11-00A0C91BC942}") = "igbase", "igbase.vcproj", "{AC4A0F93-89F7-4244-B5AB-F978C09E7FCA}"
EndProject
Global
	GlobalSection(SolutionConfigurationPlatforms) = preSolution
		Debug|Win32 = Debug|Win32
		Release|Win32 = Release|Win32
	EndGlobalSection
	GlobalSection(ProjectConfigurationPlatforms) = postSolution
		{AC4A0F93-89F7-4244-B5AB-F978C09E7FCA}.Debug|Win32.ActiveCfg = Debug|Win32
		{AC4A0F93-89F7-4244-B5AB-F978C09E7FCA}.Debug|Win32.Build.0 = Debug|Win32
		{AC4A0F93-89F7-4244-B5AB-F978C09E7FCA}.Release|Win32.ActiveCfg = Release|Win32
		{AC4A0F93-89F7-4244-B5AB-F978C09E7FCA}.Release|Win32.Build.0 = Release|Win32
	EndGlobalSection
	GlobalSection(SolutionProperties) = preSolution
		HideSolutionNode = FALSE
	EndGlobalSection
EndGlobal
